
Microsoft Visual Studio Solution File, Format Version 12.00
# Visual Studio 15
VisualStudioVersion = 15.0.28307.329
MinimumVisualStudioVersion = 10.0.40219.1
Project("{FAE04EC0-301F-11D3-BF4B-00C04F79EFBC}") = "TestTestgit", "TestTestgit\TestTestgit.csproj", "{A993D003-ED87-4191-B809-8A91D6200541}"
EndProject
Global
	GlobalSection(SolutionConfigurationPlatforms) = preSolution
		Debug|Any CPU = Debug|Any CPU
		Release|Any CPU = Release|Any CPU
	EndGlobalSection
	GlobalSection(ProjectConfigurationPlatforms) = postSolution
		{A993D003-ED87-4191-B809-8A91D6200541}.Debug|Any CPU.ActiveCfg = Debug|Any CPU
		{A993D003-ED87-4191-B809-8A91D6200541}.Debug|Any CPU.Build.0 = Debug|Any CPU
		{A993D003-ED87-4191-B809-8A91D6200541}.Release|Any CPU.ActiveCfg = Release|Any CPU
		{A993D003-ED87-4191-B809-8A91D6200541}.Release|Any CPU.Build.0 = Release|Any CPU
	EndGlobalSection
	GlobalSection(SolutionProperties) = preSolution
		HideSolutionNode = FALSE
	EndGlobalSection
	GlobalSection(ExtensibilityGlobals) = postSolution
		SolutionGuid = {D0371EEE-67CF-4FF8-A7E4-590A4C941B44}
	EndGlobalSection
EndGlobal
